
Microsoft Visual Studio Solution File, Format Version 12.00
# Visual Studio Version 16
VisualStudioVersion = 16.0.32106.194
MinimumVisualStudioVersion = 10.0.40219.1
Project("{FAE04EC0-301F-11D3-BF4B-00C04F79EFBC}") = "WebApplication_RESTful", "WebApplication_RESTful\WebApplication_RESTful.csproj", "{69FB69C9-B7E5-47E1-883E-EC51295FC1F7}"
EndProject
Global
	GlobalSection(SolutionConfigurationPlatforms) = preSolution
		Debug|Any CPU = Debug|Any CPU
		Release|Any CPU = Release|Any CPU
	EndGlobalSection
	GlobalSection(ProjectConfigurationPlatforms) = postSolution
		{69FB69C9-B7E5-47E1-883E-EC51295FC1F7}.Debug|Any CPU.ActiveCfg = Debug|Any CPU
		{69FB69C9-B7E5-47E1-883E-EC51295FC1F7}.Debug|Any CPU.Build.0 = Debug|Any CPU
		{69FB69C9-B7E5-47E1-883E-EC51295FC1F7}.Release|Any CPU.ActiveCfg = Release|Any CPU
		{69FB69C9-B7E5-47E1-883E-EC51295FC1F7}.Release|Any CPU.Build.0 = Release|Any CPU
	EndGlobalSection
	GlobalSection(SolutionProperties) = preSolution
		HideSolutionNode = FALSE
	EndGlobalSection
	GlobalSection(ExtensibilityGlobals) = postSolution
		SolutionGuid = {608FDE6B-0016-451D-9256-1765D30CF23C}
	EndGlobalSection
EndGlobal
